
Microsoft Visual Studio Solution File, Format Version 12.00
# Visual Studio 15
VisualStudioVersion = 15.0.26228.10
MinimumVisualStudioVersion = 10.0.40219.1
Project("{FAE04EC0-301F-11D3-BF4B-00C04F79EFBC}") = "Api", "Api\Api.csproj", "{85A76C5D-7CE2-4148-B91B-0F3A66A4EE66}"
EndProject
Project("{FAE04EC0-301F-11D3-BF4B-00C04F79EFBC}") = "Services", "Services\Services.csproj", "{6491E5E4-AFD8-4E87-8C87-0E3794FA0B32}"
EndProject
Project("{FAE04EC0-301F-11D3-BF4B-00C04F79EFBC}") = "Repository", "Repository\Repository.csproj", "{6830880E-B942-4DC7-BAAF-EEC33FCE2A99}"
EndProject
Project("{FAE04EC0-301F-11D3-BF4B-00C04F79EFBC}") = "Entities", "Entities\Entities.csproj", "{9C945CD6-DDA8-43A0-9506-A9857A6FA70D}"
EndProject
Global
	GlobalSection(SolutionConfigurationPlatforms) = preSolution
		Debug|Any CPU = Debug|Any CPU
		Release|Any CPU = Release|Any CPU
	EndGlobalSection
	GlobalSection(ProjectConfigurationPlatforms) = postSolution
		{85A76C5D-7CE2-4148-B91B-0F3A66A4EE66}.Debug|Any CPU.ActiveCfg = Debug|Any CPU
		{85A76C5D-7CE2-4148-B91B-0F3A66A4EE66}.Debug|Any CPU.Build.0 = Debug|Any CPU
		{85A76C5D-7CE2-4148-B91B-0F3A66A4EE66}.Release|Any CPU.ActiveCfg = Release|Any CPU
		{85A76C5D-7CE2-4148-B91B-0F3A66A4EE66}.Release|Any CPU.Build.0 = Release|Any CPU
		{6491E5E4-AFD8-4E87-8C87-0E3794FA0B32}.Debug|Any CPU.ActiveCfg = Debug|Any CPU
		{6491E5E4-AFD8-4E87-8C87-0E3794FA0B32}.Debug|Any CPU.Build.0 = Debug|Any CPU
		{6491E5E4-AFD8-4E87-8C87-0E3794FA0B32}.Release|Any CPU.ActiveCfg = Release|Any CPU
		{6491E5E4-AFD8-4E87-8C87-0E3794FA0B32}.Release|Any CPU.Build.0 = Release|Any CPU
		{6830880E-B942-4DC7-BAAF-EEC33FCE2A99}.Debug|Any CPU.ActiveCfg = Debug|Any CPU
		{6830880E-B942-4DC7-BAAF-EEC33FCE2A99}.Debug|Any CPU.Build.0 = Debug|Any CPU
		{6830880E-B942-4DC7-BAAF-EEC33FCE2A99}.Release|Any CPU.ActiveCfg = Release|Any CPU
		{6830880E-B942-4DC7-BAAF-EEC33FCE2A99}.Release|Any CPU.Build.0 = Release|Any CPU
		{9C945CD6-DDA8-43A0-9506-A9857A6FA70D}.Debug|Any CPU.ActiveCfg = Debug|Any CPU
		{9C945CD6-DDA8-43A0-9506-A9857A6FA70D}.Debug|Any CPU.Build.0 = Debug|Any CPU
		{9C945CD6-DDA8-43A0-9506-A9857A6FA70D}.Release|Any CPU.ActiveCfg = Release|Any CPU
		{9C945CD6-DDA8-43A0-9506-A9857A6FA70D}.Release|Any CPU.Build.0 = Release|Any CPU
	EndGlobalSection
	GlobalSection(SolutionProperties) = preSolution
		HideSolutionNode = FALSE
	EndGlobalSection
EndGlobal
